Microsoft Visual Studio Solution File, Format Version 12.00
# Visual Studio 2012
Project("{FAE04EC0-301F-11D3-BF4B-00C04F79EFBC}") = "Visual-novel-mono-template", "Visual-novel-mono-template.csproj", "{3BD6C718-8DA9-4444-90DD-076AF6008C0A}"
EndProject
Global
	GlobalSection(SolutionConfigurationPlatforms) = preSolution
	Debug|Any CPU = Debug|Any CPU
	ExportDebug|Any CPU = ExportDebug|Any CPU
	ExportRelease|Any CPU = ExportRelease|Any CPU
	EndGlobalSection
	GlobalSection(ProjectConfigurationPlatforms) = postSolution
		{3BD6C718-8DA9-4444-90DD-076AF6008C0A}.Debug|Any CPU.ActiveCfg = Debug|Any CPU
		{3BD6C718-8DA9-4444-90DD-076AF6008C0A}.Debug|Any CPU.Build.0 = Debug|Any CPU
		{3BD6C718-8DA9-4444-90DD-076AF6008C0A}.ExportDebug|Any CPU.ActiveCfg = ExportDebug|Any CPU
		{3BD6C718-8DA9-4444-90DD-076AF6008C0A}.ExportDebug|Any CPU.Build.0 = ExportDebug|Any CPU
		{3BD6C718-8DA9-4444-90DD-076AF6008C0A}.ExportRelease|Any CPU.ActiveCfg = ExportRelease|Any CPU
		{3BD6C718-8DA9-4444-90DD-076AF6008C0A}.ExportRelease|Any CPU.Build.0 = ExportRelease|Any CPU
	EndGlobalSection
EndGlobal
